
Microsoft Visual Studio Solution File, Format Version 12.00
# Visual Studio Version 17
VisualStudioVersion = 17.7.34221.43
MinimumVisualStudioVersion = 10.0.40219.1
Project("{FAE04EC0-301F-11D3-BF4B-00C04F79EFBC}") = "WebApplication7", "WebApplication7\WebApplication7.csproj", "{EBC49F0D-B09A-448B-97D9-19F924E26E3D}"
EndProject
Global
	GlobalSection(SolutionConfigurationPlatforms) = preSolution
		Debug|Any CPU = Debug|Any CPU
		Release|Any CPU = Release|Any CPU
	EndGlobalSection
	GlobalSection(ProjectConfigurationPlatforms) = postSolution
		{EBC49F0D-B09A-448B-97D9-19F924E26E3D}.Debug|Any CPU.ActiveCfg = Debug|Any CPU
		{EBC49F0D-B09A-448B-97D9-19F924E26E3D}.Debug|Any CPU.Build.0 = Debug|Any CPU
		{EBC49F0D-B09A-448B-97D9-19F924E26E3D}.Release|Any CPU.ActiveCfg = Release|Any CPU
		{EBC49F0D-B09A-448B-97D9-19F924E26E3D}.Release|Any CPU.Build.0 = Release|Any CPU
	EndGlobalSection
	GlobalSection(SolutionProperties) = preSolution
		HideSolutionNode = FALSE
	EndGlobalSection
	GlobalSection(ExtensibilityGlobals) = postSolution
		SolutionGuid = {45A32384-070A-4D02-9F6C-9A7AA4FCD958}
	EndGlobalSection
EndGlobal
